
Microsoft Visual Studio Solution File, Format Version 12.00
# Visual Studio Version 16
VisualStudioVersion = 16.0.30907.101
MinimumVisualStudioVersion = 10.0.40219.1
Project("{FAE04EC0-301F-11D3-BF4B-00C04F79EFBC}") = "eval.API", "eval.API\eval.API.csproj", "{1FDA6460-6DE4-4D1E-A4D6-B12935E44282}"
EndProject
Global
	GlobalSection(SolutionConfigurationPlatforms) = preSolution
		Debug|Any CPU = Debug|Any CPU
		Release|Any CPU = Release|Any CPU
	EndGlobalSection
	GlobalSection(ProjectConfigurationPlatforms) = postSolution
		{1FDA6460-6DE4-4D1E-A4D6-B12935E44282}.Debug|Any CPU.ActiveCfg = Debug|Any CPU
		{1FDA6460-6DE4-4D1E-A4D6-B12935E44282}.Debug|Any CPU.Build.0 = Debug|Any CPU
		{1FDA6460-6DE4-4D1E-A4D6-B12935E44282}.Release|Any CPU.ActiveCfg = Release|Any CPU
		{1FDA6460-6DE4-4D1E-A4D6-B12935E44282}.Release|Any CPU.Build.0 = Release|Any CPU
	EndGlobalSection
	GlobalSection(SolutionProperties) = preSolution
		HideSolutionNode = FALSE
	EndGlobalSection
	GlobalSection(ExtensibilityGlobals) = postSolution
		SolutionGuid = {2AFAD1B1-ECA4-45E5-AE12-7FBB05A35E2D}
	EndGlobalSection
EndGlobal
