
Microsoft Visual Studio Solution File, Format Version 12.00
# Visual Studio Version 16
VisualStudioVersion = 16.0.30907.101
MinimumVisualStudioVersion = 10.0.40219.1
Project("{2150E333-8FDC-42A3-9474-1A3956D46DE8}") = "src", "src", "{5DCBC910-26FD-4F7F-84B5-94AFF47053E5}"
EndProject
Project("{2150E333-8FDC-42A3-9474-1A3956D46DE8}") = "tests", "tests", "{7B7207F8-EB0F-4E8F-8CF4-D69D8C1C47B6}"
EndProject
Project("{9A19103F-16F7-4668-BE54-9A1E7A4F7556}") = "eval.Domain", "src\eval.Domain\eval.Domain.csproj", "{92AC3CFA-B6AF-470B-A36A-D92BB1C3D27E}"
EndProject
Project("{FAE04EC0-301F-11D3-BF4B-00C04F79EFBC}") = "eval.Web", "src\eval.Web\eval.Web.csproj", "{6B8F0964-0E1A-4DB4-AA2F-CF54B3B4967C}"
EndProject
Global
	GlobalSection(SolutionConfigurationPlatforms) = preSolution
		Debug|Any CPU = Debug|Any CPU
		Release|Any CPU = Release|Any CPU
	EndGlobalSection
	GlobalSection(ProjectConfigurationPlatforms) = postSolution
		{92AC3CFA-B6AF-470B-A36A-D92BB1C3D27E}.Debug|Any CPU.ActiveCfg = Debug|Any CPU
		{92AC3CFA-B6AF-470B-A36A-D92BB1C3D27E}.Debug|Any CPU.Build.0 = Debug|Any CPU
		{92AC3CFA-B6AF-470B-A36A-D92BB1C3D27E}.Release|Any CPU.ActiveCfg = Release|Any CPU
		{92AC3CFA-B6AF-470B-A36A-D92BB1C3D27E}.Release|Any CPU.Build.0 = Release|Any CPU
		{6B8F0964-0E1A-4DB4-AA2F-CF54B3B4967C}.Debug|Any CPU.ActiveCfg = Debug|Any CPU
		{6B8F0964-0E1A-4DB4-AA2F-CF54B3B4967C}.Debug|Any CPU.Build.0 = Debug|Any CPU
		{6B8F0964-0E1A-4DB4-AA2F-CF54B3B4967C}.Release|Any CPU.ActiveCfg = Release|Any CPU
		{6B8F0964-0E1A-4DB4-AA2F-CF54B3B4967C}.Release|Any CPU.Build.0 = Release|Any CPU
	EndGlobalSection
	GlobalSection(SolutionProperties) = preSolution
		HideSolutionNode = FALSE
	EndGlobalSection
	GlobalSection(NestedProjects) = preSolution
		{92AC3CFA-B6AF-470B-A36A-D92BB1C3D27E} = {5DCBC910-26FD-4F7F-84B5-94AFF47053E5}
		{6B8F0964-0E1A-4DB4-AA2F-CF54B3B4967C} = {5DCBC910-26FD-4F7F-84B5-94AFF47053E5}
	EndGlobalSection
	GlobalSection(ExtensibilityGlobals) = postSolution
		SolutionGuid = {2AFAD1B1-ECA4-45E5-AE12-7FBB05A35E2D}
	EndGlobalSection
EndGlobal
